Microsoft Visual Studio Solution File, Format Version 12.00
# Visual Studio Version 17
VisualStudioVersion = 17.5.2.0
MinimumVisualStudioVersion = 10.0.40219.1
Project("{FAE04EC0-301F-11D3-BF4B-00C04F79EFBC}") = "EmailWebApp", "EmailWebApp.csproj", "{1AC233F9-F91B-FB94-7AA9-1AC8DABD5F22}"
EndProject
Global
	GlobalSection(SolutionConfigurationPlatforms) = preSolution
		Debug|Any CPU = Debug|Any CPU
		Release|Any CPU = Release|Any CPU
	EndGlobalSection
	GlobalSection(ProjectConfigurationPlatforms) = postSolution
		{1AC233F9-F91B-FB94-7AA9-1AC8DABD5F22}.Debug|Any CPU.ActiveCfg = Debug|Any CPU
		{1AC233F9-F91B-FB94-7AA9-1AC8DABD5F22}.Debug|Any CPU.Build.0 = Debug|Any CPU
		{1AC233F9-F91B-FB94-7AA9-1AC8DABD5F22}.Release|Any CPU.ActiveCfg = Release|Any CPU
		{1AC233F9-F91B-FB94-7AA9-1AC8DABD5F22}.Release|Any CPU.Build.0 = Release|Any CPU
	EndGlobalSection
	GlobalSection(SolutionProperties) = preSolution
		HideSolutionNode = FALSE
	EndGlobalSection
	GlobalSection(ExtensibilityGlobals) = postSolution
		SolutionGuid = {7E8EDDE7-2100-42B9-B445-11EE5E4A895A}
	EndGlobalSection
EndGlobal
